<?xml version="1.0" encoding="utf-8"?>
<Project ToolsVersion="4.0" xmlns="http://schemas.microsoft.com/developer/msbuild/2003">
  <ItemGroup>
    <Filter Include="Source Files">
      <UniqueIdentifier>{4FC737F1-C7A5-4376-A066-2A32D752A2FF}</UniqueIdentifier>
      <Extensions>cpp;c;cc;cxx;c++;cppm;ixx;def;odl;idl;hpj;bat;asm;asmx</Extensions>
    </Filter>
    <Filter Include="Header Files">
      <UniqueIdentifier>{93995380-89BD-4b04-88EB-625FBE52EBFB}</UniqueIdentifier>
      <Extensions>h;hh;hpp;hxx;h++;hm;inl;inc;ipp;xsd</Extensions>
    </Filter>
    <Filter Include="Resource Files">
      <UniqueIdentifier>{67DA6AB6-F800-4c08-8B7A-83BB121AAD01}</UniqueIdentifier>
      <Extensions>rc;ico;cur;bmp;dlg;rc2;rct;bin;rgs;gif;jpg;jpeg;jpe;resx;tiff;tif;png;wav;mfcribbon-ms</Extensions>
    </Filter>
    <Filter Include="Documentation">
      <UniqueIdentifier>{7d440206-e41e-42f8-bfcd-977587810d65}</UniqueIdentifier>
    </Filter>
    <Filter Include="Documentation\fdk-aac">
      <UniqueIdentifier>{777d3015-3cf2-4a03-8392-f61fd5a836f6}</UniqueIdentifier>
    </Filter>
  </ItemGroup>
  <ItemGroup>
    <ClCompile Include="src\ProxyExports.cpp">
      <Filter>Source Files</Filter>
    </ClCompile>
    <ClCompile Include="src\AudioFormat.cpp">
      <Filter>Source Files</Filter>
    </ClCompile>
    <ClCompile Include="src\FdkAacEncoder.cpp">
      <Filter>Source Files</Filter>
    </ClCompile>
    <ClCompile Include="src\AacEncoderTransform.cpp">
      <Filter>Source Files</Filter>
    </ClCompile>
  </ItemGroup>
  <ItemGroup>
    <ClInclude Include="include\CodecSettings.h">
      <Filter>Header Files</Filter>
    </ClInclude>
    <ClInclude Include="include\AudioFormat.h">
      <Filter>Header Files</Filter>
    </ClInclude>
    <ClInclude Include="include\FdkAacEncoder.h">
      <Filter>Header Files</Filter>
    </ClInclude>
    <ClInclude Include="include\AacEncoderTransform.h">
      <Filter>Header Files</Filter>
    </ClInclude>
  </ItemGroup>
  <ItemGroup>
    <None Include="..\.gitignore">
      <Filter>Documentation</Filter>
    </None>
    <None Include="..\README.md">
      <Filter>Documentation</Filter>
    </None>
    <None Include="..\THIRD-PARTY-NOTICES.md">
      <Filter>Documentation</Filter>
    </None>
    <None Include="..\third-party\fdk-aac\SOURCE.md">
      <Filter>Documentation\fdk-aac</Filter>
    </None>
  </ItemGroup>
  <ItemGroup>
    <Text Include="..\LICENSE.txt">
      <Filter>Documentation</Filter>
    </Text>
    <Text Include="..\third-party\fdk-aac\LICENSE-FDK-AAC.txt">
      <Filter>Documentation\fdk-aac</Filter>
    </Text>
  </ItemGroup>
</Project>